
Microsoft Visual Studio Solution File, Format Version 12.00
# Visual Studio 15
VisualStudioVersion = 15.0.27004.2006
MinimumVisualStudioVersion = 10.0.40219.1
Project("{FAE04EC0-301F-11D3-BF4B-00C04F79EFBC}") = "PasswordGenerator", "PasswordGenerator\PasswordGenerator.csproj", "{58F55388-1259-49B4-8F24-5B43C52BE3DD}"
EndProject
Project("{54435603-DBB4-11D2-8724-00A0C9A8B90C}") = "PasswordGeneratorSetup", "PasswordGeneratorSetup\PasswordGeneratorSetup.vdproj", "{3DFA07FF-D90C-4421-8596-DF8DCFCDB848}"
EndProject
Global
	GlobalSection(SolutionConfigurationPlatforms) = preSolution
		Debug|Any CPU = Debug|Any CPU
		Release|Any CPU = Release|Any CPU
	EndGlobalSection
	GlobalSection(ProjectConfigurationPlatforms) = postSolution
		{58F55388-1259-49B4-8F24-5B43C52BE3DD}.Debug|Any CPU.ActiveCfg = Debug|Any CPU
		{58F55388-1259-49B4-8F24-5B43C52BE3DD}.Debug|Any CPU.Build.0 = Debug|Any CPU
		{58F55388-1259-49B4-8F24-5B43C52BE3DD}.Release|Any CPU.ActiveCfg = Release|Any CPU
		{58F55388-1259-49B4-8F24-5B43C52BE3DD}.Release|Any CPU.Build.0 = Release|Any CPU
		{3DFA07FF-D90C-4421-8596-DF8DCFCDB848}.Debug|Any CPU.ActiveCfg = Debug
		{3DFA07FF-D90C-4421-8596-DF8DCFCDB848}.Release|Any CPU.ActiveCfg = Release
	EndGlobalSection
	GlobalSection(SolutionProperties) = preSolution
		HideSolutionNode = FALSE
	EndGlobalSection
	GlobalSection(ExtensibilityGlobals) = postSolution
		SolutionGuid = {4C8A6807-8EA9-48AE-8CB2-C748EBE7B5AB}
	EndGlobalSection
EndGlobal
